{
  "name": "step7",
  "version": "1.0.0",
  "lockfileVersion": 1,
  "requires": true,
  "dependencies": {
    "@iravahnina/ajshome": {
      "version": "1.0.0",
      "resolved": "https://npm.pkg.github.com/download/@iravahnina/ajshome/1.0.0/f2c745fd0406e14e9809d216344103590e12a21ddfceef79d68949f2769e69ef",
      "integrity": "sha512-olldKyq2VMMC8JQEKuVzzdO2UoAFP//uQk4swcNW44b1GygRzguTUb5vLRQZdE1NKmZlP+uKdtnGdKrKhf26OQ=="
    }
  }
}
